
Microsoft Visual Studio Solution File, Format Version 12.00
# Visual Studio Version 17
VisualStudioVersion = 17.6.33815.320
MinimumVisualStudioVersion = 10.0.40219.1
Project("{FAE04EC0-301F-11D3-BF4B-00C04F79EFBC}") = "PriceBondAPI", "PriceBondAPI\PriceBondAPI.csproj", "{9F27704C-E7FF-45A9-8621-DD51160A932D}"
EndProject
Global
	GlobalSection(SolutionConfigurationPlatforms) = preSolution
		Debug|Any CPU = Debug|Any CPU
		Release|Any CPU = Release|Any CPU
	EndGlobalSection
	GlobalSection(ProjectConfigurationPlatforms) = postSolution
		{9F27704C-E7FF-45A9-8621-DD51160A932D}.Debug|Any CPU.ActiveCfg = Debug|Any CPU
		{9F27704C-E7FF-45A9-8621-DD51160A932D}.Debug|Any CPU.Build.0 = Debug|Any CPU
		{9F27704C-E7FF-45A9-8621-DD51160A932D}.Release|Any CPU.ActiveCfg = Release|Any CPU
		{9F27704C-E7FF-45A9-8621-DD51160A932D}.Release|Any CPU.Build.0 = Release|Any CPU
	EndGlobalSection
	GlobalSection(SolutionProperties) = preSolution
		HideSolutionNode = FALSE
	EndGlobalSection
	GlobalSection(ExtensibilityGlobals) = postSolution
		SolutionGuid = {AE5460E3-F089-437F-918D-514374914BD4}
	EndGlobalSection
EndGlobal
